
Microsoft Visual Studio Solution File, Format Version 12.00
# Visual Studio 15
VisualStudioVersion = 15.0.27130.2027
MinimumVisualStudioVersion = 10.0.40219.1
Project("{FAE04EC0-301F-11D3-BF4B-00C04F79EFBC}") = "Escalonamento Console", "Escalonamento Console\Escalonamento Console.csproj", "{F6C5DAC5-0C7C-402E-A101-C94AECA7829F}"
EndProject
Project("{FAE04EC0-301F-11D3-BF4B-00C04F79EFBC}") = "Dominio", "Dominio\Dominio.csproj", "{40C19E0A-74E4-4F5A-9AB9-3AFC8C4F0B69}"
EndProject
Global
	GlobalSection(SolutionConfigurationPlatforms) = preSolution
		Debug|Any CPU = Debug|Any CPU
		Release|Any CPU = Release|Any CPU
	EndGlobalSection
	GlobalSection(ProjectConfigurationPlatforms) = postSolution
		{F6C5DAC5-0C7C-402E-A101-C94AECA7829F}.Debug|Any CPU.ActiveCfg = Debug|Any CPU
		{F6C5DAC5-0C7C-402E-A101-C94AECA7829F}.Debug|Any CPU.Build.0 = Debug|Any CPU
		{F6C5DAC5-0C7C-402E-A101-C94AECA7829F}.Release|Any CPU.ActiveCfg = Release|Any CPU
		{F6C5DAC5-0C7C-402E-A101-C94AECA7829F}.Release|Any CPU.Build.0 = Release|Any CPU
		{40C19E0A-74E4-4F5A-9AB9-3AFC8C4F0B69}.Debug|Any CPU.ActiveCfg = Debug|Any CPU
		{40C19E0A-74E4-4F5A-9AB9-3AFC8C4F0B69}.Debug|Any CPU.Build.0 = Debug|Any CPU
		{40C19E0A-74E4-4F5A-9AB9-3AFC8C4F0B69}.Release|Any CPU.ActiveCfg = Release|Any CPU
		{40C19E0A-74E4-4F5A-9AB9-3AFC8C4F0B69}.Release|Any CPU.Build.0 = Release|Any CPU
	EndGlobalSection
	GlobalSection(SolutionProperties) = preSolution
		HideSolutionNode = FALSE
	EndGlobalSection
	GlobalSection(ExtensibilityGlobals) = postSolution
		SolutionGuid = {FD587699-597F-458C-8686-FA5207A890FF}
	EndGlobalSection
EndGlobal
